{
  "originHash" : "daceeee59031d65a8c33cfb323a21ded2a125f3bdc49c26d3e67bcbc4f71d180",
  "pins" : [
    {
      "identity" : "swift-atomics",
      "kind" : "remoteSourceControl",
      "location" : "https://github.com/apple/swift-atomics",
      "state" : {
        "revision" : "cd142fd2f64be2100422d658e7411e39489da985",
        "version" : "1.2.0"
      }
    },
    {
      "identity" : "swift-bson",
      "kind" : "remoteSourceControl",
      "location" : "https://github.com/tayloraswift/swift-bson",
      "state" : {
        "revision" : "0fa7c4a61c509c78bcdc239f0185af188d9bc7da",
        "version" : "0.9.0"
      }
    },
    {
      "identity" : "swift-collections",
      "kind" : "remoteSourceControl",
      "location" : "https://github.com/apple/swift-collections",
      "state" : {
        "revision" : "671108c96644956dddcd89dd59c203dcdb36cec7",
        "version" : "1.1.4"
      }
    },
    {
      "identity" : "swift-grammar",
      "kind" : "remoteSourceControl",
      "location" : "https://github.com/tayloraswift/swift-grammar",
      "state" : {
        "revision" : "4b47a153732e0b094ef7dd95d891b37b7ae37a69",
        "version" : "0.4.1"
      }
    },
    {
      "identity" : "swift-hash",
      "kind" : "remoteSourceControl",
      "location" : "https://github.com/tayloraswift/swift-hash",
      "state" : {
        "revision" : "ea0b9fc3152ed5941dd82e4a01e65f99fe1a75d2",
        "version" : "0.7.1"
      }
    },
    {
      "identity" : "swift-nio",
      "kind" : "remoteSourceControl",
      "location" : "https://github.com/apple/swift-nio",
      "state" : {
        "revision" : "dca6594f65308c761a9c409e09fbf35f48d50d34",
        "version" : "2.77.0"
      }
    },
    {
      "identity" : "swift-nio-ssl",
      "kind" : "remoteSourceControl",
      "location" : "https://github.com/apple/swift-nio-ssl",
      "state" : {
        "revision" : "c7e95421334b1068490b5d41314a50e70bab23d1",
        "version" : "2.29.0"
      }
    },
    {
      "identity" : "swift-system",
      "kind" : "remoteSourceControl",
      "location" : "https://github.com/apple/swift-system.git",
      "state" : {
        "revision" : "c8a44d836fe7913603e246acab7c528c2e780168",
        "version" : "1.4.0"
      }
    },
    {
      "identity" : "swift-unixtime",
      "kind" : "remoteSourceControl",
      "location" : "https://github.com/tayloraswift/swift-unixtime",
      "state" : {
        "revision" : "0a939dd2b955bf5a0aa5ea2073ee21200e1575a3",
        "version" : "0.2.0"
      }
    }
  ],
  "version" : 3
}
